<?xml version="1.0" encoding="utf-8"?>
<Project ToolsVersion="4.0" xmlns="http://schemas.microsoft.com/developer/msbuild/2003">
  <ItemGroup>
    <ClCompile Include="Source\AIComponent.cpp" />
    <ClCompile Include="Source\Button.cpp" />
    <ClCompile Include="Source\CollisionListener.cpp" />
    <ClCompile Include="Source\PickUp.cpp" />
    <ClCompile Include="Source\Platform.cpp" />
    <ClCompile Include="Source\MovementSystem.cpp" />
    <ClCompile Include="Source\AnimationSystem.cpp" />
    <ClCompile Include="Source\AnimationComponent.cpp" />
    <ClCompile Include="Source\GameScene.cpp" />
    <ClCompile Include="Source\MainMenuScene.cpp" />
    <ClCompile Include="Source\MenuManager.cpp" />
    <ClCompile Include="Source\OptionsScene.cpp" />
    <ClCompile Include="Source\PhysicsSystem.cpp" />
    <ClCompile Include="Source\Box2DBridge.cpp" />
    <ClCompile Include="Source\Game.cpp" />
    <ClCompile Include="Source\InputSystem.cpp" />
    <ClCompile Include="Source\Main.cpp" />
    <ClCompile Include="Source\Player.cpp" />
    <ClCompile Include="Source\RenderSystem.cpp" />
    <ClCompile Include="Source\ResourceManager.cpp" />
    <ClCompile Include="Source\Vector2f.cpp" />
    <ClCompile Include="Source\AISystem.cpp" />
  </ItemGroup>
  <ItemGroup>
    <ClInclude Include="Header\Action.h" />
    <ClInclude Include="Header\AIComponent.h" />
    <ClInclude Include="Header\AnimationComponent.h" />
    <ClInclude Include="Header\AnimationSystem.h" />
    <ClInclude Include="Header\BehaviourTree.h" />
    <ClInclude Include="Header\Box2DBridge.h" />
    <ClInclude Include="Header\Button.h" />
    <ClInclude Include="Header\CollisionListener.h" />
    <ClInclude Include="Header\CommandPattern.h" />
    <ClInclude Include="Header\Component.h" />
    <ClInclude Include="Header\Game.h" />
    <ClInclude Include="Header\Entity.h" />
    <ClInclude Include="Header\MovementSystem.h" />
    <ClInclude Include="Header\GameScene.h" />
    <ClInclude Include="Header\MainMenuScene.h" />
    <ClInclude Include="Header\MenuManager.h" />
    <ClInclude Include="Header\OptionsScene.h" />
    <ClInclude Include="Header\PickUp.h" />
    <ClInclude Include="Header\Platform.h" />
    <ClInclude Include="Header\Player.h" />
    <ClInclude Include="Header\RenderComponent.h" />
    <ClInclude Include="Header\RenderSystem.h" />
    <ClInclude Include="Header\InputComponent.h" />
    <ClInclude Include="Header\InputSystem.h" />
    <ClInclude Include="Header\PhysicsComponent.h" />
    <ClInclude Include="Header\PhysicsSystem.h" />
    <ClInclude Include="Header\PositionComponent.h" />
    <ClInclude Include="Header\Scene.h" />
    <ClInclude Include="Header\SpriteComponent.h" />
    <ClInclude Include="Header\ResourceManager.h" />
    <ClInclude Include="Header\System.h" />
    <ClInclude Include="Header\Vector2f.h" />
    <ClInclude Include="Header\AISystem.h" />
  </ItemGroup>
</Project>